// !$*UTF8*$!
{
	archiveVersion = 1;
	classes = {
	};
	objectVersion = 56;
	objects = {

/* Begin PBXBuildFile section */
		5808E40929DEFA25008A72BB /* ChatPage.swift in Sources */ = {isa = PBXBuildFile; fileRef = 5808E40829DEFA25008A72BB /* ChatPage.swift */; };
		581F03792A0425670075F645 /* FirestoreViewModel.swift in Sources */ = {isa = PBXBuildFile; fileRef = 581F03782A0425660075F645 /* FirestoreViewModel.swift */; };
		582379E229FE826C006D1079 /* Users.swift in Sources */ = {isa = PBXBuildFile; fileRef = 582379E129FE826C006D1079 /* Users.swift */; };
		582E172529CF1EB800B47BAA /* SpaceTalkApp.swift in Sources */ = {isa = PBXBuildFile; fileRef = 582E172429CF1EB800B47BAA /* SpaceTalkApp.swift */; };
		582E172729CF1EB800B47BAA /* ContentView.swift in Sources */ = {isa = PBXBuildFile; fileRef = 582E172629CF1EB800B47BAA /* ContentView.swift */; };
		582E172929CF1EB900B47BAA /* Assets.xcassets in Resources */ = {isa = PBXBuildFile; fileRef = 582E172829CF1EB900B47BAA /* Assets.xcassets */; };
		582E172C29CF1EB900B47BAA /* Preview Assets.xcassets in Resources */ = {isa = PBXBuildFile; fileRef = 582E172B29CF1EB900B47BAA /* Preview Assets.xcassets */; };
		58358CEC29FAB9F900F14F97 /* Messages.swift in Sources */ = {isa = PBXBuildFile; fileRef = 58358CEB29FAB9F900F14F97 /* Messages.swift */; };
		58358CEE29FABAC900F14F97 /* MessageBubble.swift in Sources */ = {isa = PBXBuildFile; fileRef = 58358CED29FABAC900F14F97 /* MessageBubble.swift */; };
		583E964529DEC57200A21595 /* SettingPage.swift in Sources */ = {isa = PBXBuildFile; fileRef = 583E964429DEC57200A21595 /* SettingPage.swift */; };
		5868D90C29FD647500C0A363 /* MessageTextBox.swift in Sources */ = {isa = PBXBuildFile; fileRef = 5868D90B29FD647500C0A363 /* MessageTextBox.swift */; };
		586CB9E829D5C8850034A210 /* FirebaseAnalytics in Frameworks */ = {isa = PBXBuildFile; productRef = 586CB9E729D5C8850034A210 /* FirebaseAnalytics */; };
		586CB9EA29D5C8850034A210 /* FirebaseAnalyticsOnDeviceConversion in Frameworks */ = {isa = PBXBuildFile; productRef = 586CB9E929D5C8850034A210 /* FirebaseAnalyticsOnDeviceConversion */; };
		586CB9EC29D5C8850034A210 /* FirebaseAnalyticsSwift in Frameworks */ = {isa = PBXBuildFile; productRef = 586CB9EB29D5C8850034A210 /* FirebaseAnalyticsSwift */; };
		586CB9EE29D5C8850034A210 /* FirebaseAnalyticsWithoutAdIdSupport in Frameworks */ = {isa = PBXBuildFile; productRef = 586CB9ED29D5C8850034A210 /* FirebaseAnalyticsWithoutAdIdSupport */; };
		586CB9F029D5C8850034A210 /* FirebaseAppCheck in Frameworks */ = {isa = PBXBuildFile; productRef = 586CB9EF29D5C8850034A210 /* FirebaseAppCheck */; };
		586CB9F229D5C8850034A210 /* FirebaseAppDistribution-Beta in Frameworks */ = {isa = PBXBuildFile; productRef = 586CB9F129D5C8850034A210 /* FirebaseAppDistribution-Beta */; };
		586CB9F429D5C8850034A210 /* FirebaseAuth in Frameworks */ = {isa = PBXBuildFile; productRef = 586CB9F329D5C8850034A210 /* FirebaseAuth */; };
		586CB9F629D5C8850034A210 /* FirebaseAuthCombine-Community in Frameworks */ = {isa = PBXBuildFile; productRef = 586CB9F529D5C8850034A210 /* FirebaseAuthCombine-Community */; };
		586CB9F829D5C8850034A210 /* FirebaseCrashlytics in Frameworks */ = {isa = PBXBuildFile; productRef = 586CB9F729D5C8850034A210 /* FirebaseCrashlytics */; };
		586CB9FA29D5C8850034A210 /* FirebaseDatabase in Frameworks */ = {isa = PBXBuildFile; productRef = 586CB9F929D5C8850034A210 /* FirebaseDatabase */; };
		586CB9FC29D5C8850034A210 /* FirebaseDatabaseSwift in Frameworks */ = {isa = PBXBuildFile; productRef = 586CB9FB29D5C8850034A210 /* FirebaseDatabaseSwift */; };
		586CB9FE29D5C8850034A210 /* FirebaseDynamicLinks in Frameworks */ = {isa = PBXBuildFile; productRef = 586CB9FD29D5C8850034A210 /* FirebaseDynamicLinks */; };
		586CBA0029D5C8850034A210 /* FirebaseFirestore in Frameworks */ = {isa = PBXBuildFile; productRef = 586CB9FF29D5C8850034A210 /* FirebaseFirestore */; };
		586CBA0229D5C8850034A210 /* FirebaseFirestoreCombine-Community in Frameworks */ = {isa = PBXBuildFile; productRef = 586CBA0129D5C8850034A210 /* FirebaseFirestoreCombine-Community */; };
		586CBA0429D5C8850034A210 /* FirebaseFirestoreSwift in Frameworks */ = {isa = PBXBuildFile; productRef = 586CBA0329D5C8850034A210 /* FirebaseFirestoreSwift */; };
		586CBA0629D5C8850034A210 /* FirebaseFunctions in Frameworks */ = {isa = PBXBuildFile; productRef = 586CBA0529D5C8850034A210 /* FirebaseFunctions */; };
		586CBA0829D5C8850034A210 /* FirebaseFunctionsCombine-Community in Frameworks */ = {isa = PBXBuildFile; productRef = 586CBA0729D5C8850034A210 /* FirebaseFunctionsCombine-Community */; };
		586CBA0A29D5C8850034A210 /* FirebaseInAppMessaging-Beta in Frameworks */ = {isa = PBXBuildFile; productRef = 586CBA0929D5C8850034A210 /* FirebaseInAppMessaging-Beta */; };
		586CBA0C29D5C8850034A210 /* FirebaseInAppMessagingSwift-Beta in Frameworks */ = {isa = PBXBuildFile; productRef = 586CBA0B29D5C8850034A210 /* FirebaseInAppMessagingSwift-Beta */; };
		586CBA0E29D5C8850034A210 /* FirebaseInstallations in Frameworks */ = {isa = PBXBuildFile; productRef = 586CBA0D29D5C8850034A210 /* FirebaseInstallations */; };
		586CBA1029D5C8850034A210 /* FirebaseMLModelDownloader in Frameworks */ = {isa = PBXBuildFile; productRef = 586CBA0F29D5C8850034A210 /* FirebaseMLModelDownloader */; };
		586CBA1229D5C8850034A210 /* FirebaseMessaging in Frameworks */ = {isa = PBXBuildFile; productRef = 586CBA1129D5C8850034A210 /* FirebaseMessaging */; };
		586CBA1429D5C8850034A210 /* FirebasePerformance in Frameworks */ = {isa = PBXBuildFile; productRef = 586CBA1329D5C8850034A210 /* FirebasePerformance */; };
		586CBA1629D5C8850034A210 /* FirebaseRemoteConfig in Frameworks */ = {isa = PBXBuildFile; productRef = 586CBA1529D5C8850034A210 /* FirebaseRemoteConfig */; };
		586CBA1829D5C8850034A210 /* FirebaseRemoteConfigSwift in Frameworks */ = {isa = PBXBuildFile; productRef = 586CBA1729D5C8850034A210 /* FirebaseRemoteConfigSwift */; };
		586CBA1A29D5C8850034A210 /* FirebaseStorage in Frameworks */ = {isa = PBXBuildFile; productRef = 586CBA1929D5C8850034A210 /* FirebaseStorage */; };
		586CBA1C29D5C8850034A210 /* FirebaseStorageCombine-Community in Frameworks */ = {isa = PBXBuildFile; productRef = 586CBA1B29D5C8850034A210 /* FirebaseStorageCombine-Community */; };
		58892F8B29D2FAFC00BD402D /* LoginPage.swift in Sources */ = {isa = PBXBuildFile; fileRef = 58892F8A29D2FAFC00BD402D /* LoginPage.swift */; };
		58892F8E29D3141D00BD402D /* SignUpPage.swift in Sources */ = {isa = PBXBuildFile; fileRef = 58892F8D29D3141D00BD402D /* SignUpPage.swift */; };
		589D57012A0BDEBA0007D511 /* GoogleService-Info.plist in Resources */ = {isa = PBXBuildFile; fileRef = 589D57002A0BDEBA0007D511 /* GoogleService-Info.plist */; };
		589E522329D3A5020074AE16 /* MainPage.swift in Sources */ = {isa = PBXBuildFile; fileRef = 589E522229D3A5020074AE16 /* MainPage.swift */; };
		589E522729D3A6260074AE16 /* LoginViewModel.swift in Sources */ = {isa = PBXBuildFile; fileRef = 589E522629D3A6260074AE16 /* LoginViewModel.swift */; };
		58B966112A2387B400B7D15E /* HomePagePostBox.swift in Sources */ = {isa = PBXBuildFile; fileRef = 58B966102A2387B400B7D15E /* HomePagePostBox.swift */; };
		58B966132A238B8C00B7D15E /* HomePageNewMessage.swift in Sources */ = {isa = PBXBuildFile; fileRef = 58B966122A238B8C00B7D15E /* HomePageNewMessage.swift */; };
		58B966152A23A57800B7D15E /* PostBoxMessages.swift in Sources */ = {isa = PBXBuildFile; fileRef = 58B966142A23A57800B7D15E /* PostBoxMessages.swift */; };
		58B966172A23E09300B7D15E /* ChatListBox.swift in Sources */ = {isa = PBXBuildFile; fileRef = 58B966162A23E09300B7D15E /* ChatListBox.swift */; };
		58C7D15529DAF9B30094C597 /* HomePage.swift in Sources */ = {isa = PBXBuildFile; fileRef = 58C7D15429DAF9B30094C597 /* HomePage.swift */; };
		58C7D15829DAFC750094C597 /* ViewExtension.swift in Sources */ = {isa = PBXBuildFile; fileRef = 58C7D15729DAFC750094C597 /* ViewExtension.swift */; };
		58C7D15A29DAFD700094C597 /* RgbExtension.swift in Sources */ = {isa = PBXBuildFile; fileRef = 58C7D15929DAFD700094C597 /* RgbExtension.swift */; };
		58C7D15C29DB1BBE0094C597 /* ChatListpage.swift in Sources */ = {isa = PBXBuildFile; fileRef = 58C7D15B29DB1BBE0094C597 /* ChatListpage.swift */; };
/* End PBXBuildFile section */

/* Begin PBXFileReference section */
		5808E40829DEFA25008A72BB /* ChatPage.swift */ = {isa = PBXFileReference; lastKnownFileType = sourcecode.swift; path = ChatPage.swift; sourceTree = "<group>"; };
		581F03782A0425660075F645 /* FirestoreViewModel.swift */ = {isa = PBXFileReference; lastKnownFileType = sourcecode.swift; path = FirestoreViewModel.swift; sourceTree = "<group>"; };
		582379E129FE826C006D1079 /* Users.swift */ = {isa = PBXFileReference; lastKnownFileType = sourcecode.swift; path = Users.swift; sourceTree = "<group>"; };
		582E172129CF1EB800B47BAA /* SpaceTalk.app */ = {isa = PBXFileReference; explicitFileType = wrapper.application; includeInIndex = 0; path = SpaceTalk.app; sourceTree = BUILT_PRODUCTS_DIR; };
		582E172429CF1EB800B47BAA /* SpaceTalkApp.swift */ = {isa = PBXFileReference; lastKnownFileType = sourcecode.swift; path = SpaceTalkApp.swift; sourceTree = "<group>"; };
		582E172629CF1EB800B47BAA /* ContentView.swift */ = {isa = PBXFileReference; lastKnownFileType = sourcecode.swift; path = ContentView.swift; sourceTree = "<group>"; };
		582E172829CF1EB900B47BAA /* Assets.xcassets */ = {isa = PBXFileReference; lastKnownFileType = folder.assetcatalog; path = Assets.xcassets; sourceTree = "<group>"; };
		582E172B29CF1EB900B47BAA /* Preview Assets.xcassets */ = {isa = PBXFileReference; lastKnownFileType = folder.assetcatalog; path = "Preview Assets.xcassets"; sourceTree = "<group>"; };
		58358CEB29FAB9F900F14F97 /* Messages.swift */ = {isa = PBXFileReference; lastKnownFileType = sourcecode.swift; path = Messages.swift; sourceTree = "<group>"; };
		58358CED29FABAC900F14F97 /* MessageBubble.swift */ = {isa = PBXFileReference; lastKnownFileType = sourcecode.swift; path = MessageBubble.swift; sourceTree = "<group>"; };
		583E964429DEC57200A21595 /* SettingPage.swift */ = {isa = PBXFileReference; lastKnownFileType = sourcecode.swift; path = SettingPage.swift; sourceTree = "<group>"; };
		5868D90B29FD647500C0A363 /* MessageTextBox.swift */ = {isa = PBXFileReference; lastKnownFileType = sourcecode.swift; path = MessageTextBox.swift; sourceTree = "<group>"; };
		58892F8A29D2FAFC00BD402D /* LoginPage.swift */ = {isa = PBXFileReference; lastKnownFileType = sourcecode.swift; path = LoginPage.swift; sourceTree = "<group>"; };
		58892F8D29D3141D00BD402D /* SignUpPage.swift */ = {isa = PBXFileReference; lastKnownFileType = sourcecode.swift; path = SignUpPage.swift; sourceTree = "<group>"; };
		589D57002A0BDEBA0007D511 /* GoogleService-Info.plist */ = {isa = PBXFileReference; fileEncoding = 4; lastKnownFileType = text.plist.xml; name = "GoogleService-Info.plist"; path = "../../../../Downloads/GoogleService-Info.plist"; sourceTree = "<group>"; };
		589E522229D3A5020074AE16 /* MainPage.swift */ = {isa = PBXFileReference; lastKnownFileType = sourcecode.swift; path = MainPage.swift; sourceTree = "<group>"; };
		589E522629D3A6260074AE16 /* LoginViewModel.swift */ = {isa = PBXFileReference; lastKnownFileType = sourcecode.swift; path = LoginViewModel.swift; sourceTree = "<group>"; };
		58B966102A2387B400B7D15E /* HomePagePostBox.swift */ = {isa = PBXFileReference; lastKnownFileType = sourcecode.swift; path = HomePagePostBox.swift; sourceTree = "<group>"; };
		58B966122A238B8C00B7D15E /* HomePageNewMessage.swift */ = {isa = PBXFileReference; lastKnownFileType = sourcecode.swift; path = HomePageNewMessage.swift; sourceTree = "<group>"; };
		58B966142A23A57800B7D15E /* PostBoxMessages.swift */ = {isa = PBXFileReference; lastKnownFileType = sourcecode.swift; path = PostBoxMessages.swift; sourceTree = "<group>"; };
		58B966162A23E09300B7D15E /* ChatListBox.swift */ = {isa = PBXFileReference; lastKnownFileType = sourcecode.swift; path = ChatListBox.swift; sourceTree = "<group>"; };
		58C7D15429DAF9B30094C597 /* HomePage.swift */ = {isa = PBXFileReference; lastKnownFileType = sourcecode.swift; path = HomePage.swift; sourceTree = "<group>"; };
		58C7D15729DAFC750094C597 /* ViewExtension.swift */ = {isa = PBXFileReference; lastKnownFileType = sourcecode.swift; path = ViewExtension.swift; sourceTree = "<group>"; };
		58C7D15929DAFD700094C597 /* RgbExtension.swift */ = {isa = PBXFileReference; lastKnownFileType = sourcecode.swift; path = RgbExtension.swift; sourceTree = "<group>"; };
		58C7D15B29DB1BBE0094C597 /* ChatListpage.swift */ = {isa = PBXFileReference; lastKnownFileType = sourcecode.swift; path = ChatListpage.swift; sourceTree = "<group>"; };
/* End PBXFileReference section */

/* Begin PBXFrameworksBuildPhase section */
		582E171E29CF1EB800B47BAA /* Frameworks */ = {
			isa = PBXFrameworksBuildPhase;
			buildActionMask = 2147483647;
			files = (
				586CB9FA29D5C8850034A210 /* FirebaseDatabase in Frameworks */,
				586CBA0829D5C8850034A210 /* FirebaseFunctionsCombine-Community in Frameworks */,
				586CBA0029D5C8850034A210 /* FirebaseFirestore in Frameworks */,
				586CB9EC29D5C8850034A210 /* FirebaseAnalyticsSwift in Frameworks */,
				586CB9E829D5C8850034A210 /* FirebaseAnalytics in Frameworks */,
				586CB9EA29D5C8850034A210 /* FirebaseAnalyticsOnDeviceConversion in Frameworks */,
				586CBA1029D5C8850034A210 /* FirebaseMLModelDownloader in Frameworks */,
				586CBA0429D5C8850034A210 /* FirebaseFirestoreSwift in Frameworks */,
				586CB9F029D5C8850034A210 /* FirebaseAppCheck in Frameworks */,
				586CB9EE29D5C8850034A210 /* FirebaseAnalyticsWithoutAdIdSupport in Frameworks */,
				586CB9F429D5C8850034A210 /* FirebaseAuth in Frameworks */,
				586CB9F829D5C8850034A210 /* FirebaseCrashlytics in Frameworks */,
				586CBA1829D5C8850034A210 /* FirebaseRemoteConfigSwift in Frameworks */,
				586CBA0A29D5C8850034A210 /* FirebaseInAppMessaging-Beta in Frameworks */,
				586CB9FC29D5C8850034A210 /* FirebaseDatabaseSwift in Frameworks */,
				586CBA0629D5C8850034A210 /* FirebaseFunctions in Frameworks */,
				586CBA1C29D5C8850034A210 /* FirebaseStorageCombine-Community in Frameworks */,
				586CBA1629D5C8850034A210 /* FirebaseRemoteConfig in Frameworks */,
				586CB9F229D5C8850034A210 /* FirebaseAppDistribution-Beta in Frameworks */,
				586CB9F629D5C8850034A210 /* FirebaseAuthCombine-Community in Frameworks */,
				586CBA1429D5C8850034A210 /* FirebasePerformance in Frameworks */,
				586CBA0C29D5C8850034A210 /* FirebaseInAppMessagingSwift-Beta in Frameworks */,
				586CBA1A29D5C8850034A210 /* FirebaseStorage in Frameworks */,
				586CB9FE29D5C8850034A210 /* FirebaseDynamicLinks in Frameworks */,
				586CBA0229D5C8850034A210 /* FirebaseFirestoreCombine-Community in Frameworks */,
				586CBA1229D5C8850034A210 /* FirebaseMessaging in Frameworks */,
				586CBA0E29D5C8850034A210 /* FirebaseInstallations in Frameworks */,
			);
			runOnlyForDeploymentPostprocessing = 0;
		};
/* End PBXFrameworksBuildPhase section */

/* Begin PBXGroup section */
		582E171829CF1EB800B47BAA = {
			isa = PBXGroup;
			children = (
				582E172329CF1EB800B47BAA /* SpaceTalk */,
				582E172229CF1EB800B47BAA /* Products */,
			);
			sourceTree = "<group>";
		};
		582E172229CF1EB800B47BAA /* Products */ = {
			isa = PBXGroup;
			children = (
				582E172129CF1EB800B47BAA /* SpaceTalk.app */,
			);
			name = Products;
			sourceTree = "<group>";
		};
		582E172329CF1EB800B47BAA /* SpaceTalk */ = {
			isa = PBXGroup;
			children = (
				58358CEA29FAB9E700F14F97 /* Model */,
				58358CE729FAB85500F14F97 /* Components */,
				58C7D15629DAFC540094C597 /* Extension */,
				582E172429CF1EB800B47BAA /* SpaceTalkApp.swift */,
				582E172629CF1EB800B47BAA /* ContentView.swift */,
				589E522529D3A5A80074AE16 /* ViewModel */,
				589E522429D3A5780074AE16 /* View */,
				582E172829CF1EB900B47BAA /* Assets.xcassets */,
				589D57002A0BDEBA0007D511 /* GoogleService-Info.plist */,
				582E172A29CF1EB900B47BAA /* Preview Content */,
			);
			path = SpaceTalk;
			sourceTree = "<group>";
		};
		582E172A29CF1EB900B47BAA /* Preview Content */ = {
			isa = PBXGroup;
			children = (
				582E172B29CF1EB900B47BAA /* Preview Assets.xcassets */,
			);
			path = "Preview Content";
			sourceTree = "<group>";
		};
		58358CE729FAB85500F14F97 /* Components */ = {
			isa = PBXGroup;
			children = (
				58358CED29FABAC900F14F97 /* MessageBubble.swift */,
				5868D90B29FD647500C0A363 /* MessageTextBox.swift */,
				58B966102A2387B400B7D15E /* HomePagePostBox.swift */,
				58B966122A238B8C00B7D15E /* HomePageNewMessage.swift */,
				58B966162A23E09300B7D15E /* ChatListBox.swift */,
			);
			path = Components;
			sourceTree = "<group>";
		};
		58358CEA29FAB9E700F14F97 /* Model */ = {
			isa = PBXGroup;
			children = (
				58358CEB29FAB9F900F14F97 /* Messages.swift */,
				582379E129FE826C006D1079 /* Users.swift */,
				58B966142A23A57800B7D15E /* PostBoxMessages.swift */,
			);
			path = Model;
			sourceTree = "<group>";
		};
		58892F8C29D313D800BD402D /* Login */ = {
			isa = PBXGroup;
			children = (
				58892F8A29D2FAFC00BD402D /* LoginPage.swift */,
				58892F8D29D3141D00BD402D /* SignUpPage.swift */,
			);
			path = Login;
			sourceTree = "<group>";
		};
		589E522129D3A4CF0074AE16 /* Main */ = {
			isa = PBXGroup;
			children = (
				589E522229D3A5020074AE16 /* MainPage.swift */,
				58C7D15429DAF9B30094C597 /* HomePage.swift */,
				58C7D15B29DB1BBE0094C597 /* ChatListpage.swift */,
				583E964429DEC57200A21595 /* SettingPage.swift */,
				5808E40829DEFA25008A72BB /* ChatPage.swift */,
			);
			path = Main;
			sourceTree = "<group>";
		};
		589E522429D3A5780074AE16 /* View */ = {
			isa = PBXGroup;
			children = (
				589E522129D3A4CF0074AE16 /* Main */,
				58892F8C29D313D800BD402D /* Login */,
			);
			path = View;
			sourceTree = "<group>";
		};
		589E522529D3A5A80074AE16 /* ViewModel */ = {
			isa = PBXGroup;
			children = (
				589E522629D3A6260074AE16 /* LoginViewModel.swift */,
				581F03782A0425660075F645 /* FirestoreViewModel.swift */,
			);
			path = ViewModel;
			sourceTree = "<group>";
		};
		58C7D15629DAFC540094C597 /* Extension */ = {
			isa = PBXGroup;
			children = (
				58C7D15729DAFC750094C597 /* ViewExtension.swift */,
				58C7D15929DAFD700094C597 /* RgbExtension.swift */,
			);
			path = Extension;
			sourceTree = "<group>";
		};
/* End PBXGroup section */

/* Begin PBXNativeTarget section */
		582E172029CF1EB800B47BAA /* SpaceTalk */ = {
			isa = PBXNativeTarget;
			buildConfigurationList = 582E172F29CF1EB900B47BAA /* Build configuration list for PBXNativeTarget "SpaceTalk" */;
			buildPhases = (
				582E171D29CF1EB800B47BAA /* Sources */,
				582E171E29CF1EB800B47BAA /* Frameworks */,
				582E171F29CF1EB800B47BAA /* Resources */,
			);
			buildRules = (
			);
			dependencies = (
			);
			name = SpaceTalk;
			packageProductDependencies = (
				586CB9E729D5C8850034A210 /* FirebaseAnalytics */,
				586CB9E929D5C8850034A210 /* FirebaseAnalyticsOnDeviceConversion */,
				586CB9EB29D5C8850034A210 /* FirebaseAnalyticsSwift */,
				586CB9ED29D5C8850034A210 /* FirebaseAnalyticsWithoutAdIdSupport */,
				586CB9EF29D5C8850034A210 /* FirebaseAppCheck */,
				586CB9F129D5C8850034A210 /* FirebaseAppDistribution-Beta */,
				586CB9F329D5C8850034A210 /* FirebaseAuth */,
				586CB9F529D5C8850034A210 /* FirebaseAuthCombine-Community */,
				586CB9F729D5C8850034A210 /* FirebaseCrashlytics */,
				586CB9F929D5C8850034A210 /* FirebaseDatabase */,
				586CB9FB29D5C8850034A210 /* FirebaseDatabaseSwift */,
				586CB9FD29D5C8850034A210 /* FirebaseDynamicLinks */,
				586CB9FF29D5C8850034A210 /* FirebaseFirestore */,
				586CBA0129D5C8850034A210 /* FirebaseFirestoreCombine-Community */,
				586CBA0329D5C8850034A210 /* FirebaseFirestoreSwift */,
				586CBA0529D5C8850034A210 /* FirebaseFunctions */,
				586CBA0729D5C8850034A210 /* FirebaseFunctionsCombine-Community */,
				586CBA0929D5C8850034A210 /* FirebaseInAppMessaging-Beta */,
				586CBA0B29D5C8850034A210 /* FirebaseInAppMessagingSwift-Beta */,
				586CBA0D29D5C8850034A210 /* FirebaseInstallations */,
				586CBA0F29D5C8850034A210 /* FirebaseMLModelDownloader */,
				586CBA1129D5C8850034A210 /* FirebaseMessaging */,
				586CBA1329D5C8850034A210 /* FirebasePerformance */,
				586CBA1529D5C8850034A210 /* FirebaseRemoteConfig */,
				586CBA1729D5C8850034A210 /* FirebaseRemoteConfigSwift */,
				586CBA1929D5C8850034A210 /* FirebaseStorage */,
				586CBA1B29D5C8850034A210 /* FirebaseStorageCombine-Community */,
			);
			productName = SpaceTalk;
			productReference = 582E172129CF1EB800B47BAA /* SpaceTalk.app */;
			productType = "com.apple.product-type.application";
		};
/* End PBXNativeTarget section */

/* Begin PBXProject section */
		582E171929CF1EB800B47BAA /* Project object */ = {
			isa = PBXProject;
			attributes = {
				BuildIndependentTargetsInParallel = 1;
				LastSwiftUpdateCheck = 1420;
				LastUpgradeCheck = 1420;
				TargetAttributes = {
					582E172029CF1EB800B47BAA = {
						CreatedOnToolsVersion = 14.2;
					};
				};
			};
			buildConfigurationList = 582E171C29CF1EB800B47BAA /* Build configuration list for PBXProject "SpaceTalk" */;
			compatibilityVersion = "Xcode 14.0";
			developmentRegion = en;
			hasScannedForEncodings = 0;
			knownRegions = (
				en,
				Base,
			);
			mainGroup = 582E171829CF1EB800B47BAA;
			packageReferences = (
				586CB9E629D5C8850034A210 /* XCRemoteSwiftPackageReference "firebase-ios-sdk" */,
			);
			productRefGroup = 582E172229CF1EB800B47BAA /* Products */;
			projectDirPath = "";
			projectRoot = "";
			targets = (
				582E172029CF1EB800B47BAA /* SpaceTalk */,
			);
		};
/* End PBXProject section */

/* Begin PBXResourcesBuildPhase section */
		582E171F29CF1EB800B47BAA /* Resources */ = {
			isa = PBXResourcesBuildPhase;
			buildActionMask = 2147483647;
			files = (
				582E172C29CF1EB900B47BAA /* Preview Assets.xcassets in Resources */,
				582E172929CF1EB900B47BAA /* Assets.xcassets in Resources */,
				589D57012A0BDEBA0007D511 /* GoogleService-Info.plist in Resources */,
			);
			runOnlyForDeploymentPostprocessing = 0;
		};
/* End PBXResourcesBuildPhase section */

/* Begin PBXSourcesBuildPhase section */
		582E171D29CF1EB800B47BAA /* Sources */ = {
			isa = PBXSourcesBuildPhase;
			buildActionMask = 2147483647;
			files = (
				582E172729CF1EB800B47BAA /* ContentView.swift in Sources */,
				589E522329D3A5020074AE16 /* MainPage.swift in Sources */,
				5808E40929DEFA25008A72BB /* ChatPage.swift in Sources */,
				58358CEE29FABAC900F14F97 /* MessageBubble.swift in Sources */,
				58892F8B29D2FAFC00BD402D /* LoginPage.swift in Sources */,
				58B966172A23E09300B7D15E /* ChatListBox.swift in Sources */,
				589E522729D3A6260074AE16 /* LoginViewModel.swift in Sources */,
				58892F8E29D3141D00BD402D /* SignUpPage.swift in Sources */,
				5868D90C29FD647500C0A363 /* MessageTextBox.swift in Sources */,
				582379E229FE826C006D1079 /* Users.swift in Sources */,
				58C7D15529DAF9B30094C597 /* HomePage.swift in Sources */,
				58C7D15C29DB1BBE0094C597 /* ChatListpage.swift in Sources */,
				58B966152A23A57800B7D15E /* PostBoxMessages.swift in Sources */,
				58C7D15829DAFC750094C597 /* ViewExtension.swift in Sources */,
				581F03792A0425670075F645 /* FirestoreViewModel.swift in Sources */,
				58B966112A2387B400B7D15E /* HomePagePostBox.swift in Sources */,
				58358CEC29FAB9F900F14F97 /* Messages.swift in Sources */,
				583E964529DEC57200A21595 /* SettingPage.swift in Sources */,
				58C7D15A29DAFD700094C597 /* RgbExtension.swift in Sources */,
				582E172529CF1EB800B47BAA /* SpaceTalkApp.swift in Sources */,
				58B966132A238B8C00B7D15E /* HomePageNewMessage.swift in Sources */,
			);
			runOnlyForDeploymentPostprocessing = 0;
		};
/* End PBXSourcesBuildPhase section */

/* Begin XCBuildConfiguration section */
		582E172D29CF1EB900B47BAA /* Debug */ = {
			isa = XCBuildConfiguration;
			buildSettings = {
				ALWAYS_SEARCH_USER_PATHS = NO;
				CLANG_ANALYZER_NONNULL = YES;
				CLANG_ANALYZER_NUMBER_OBJECT_CONVERSION = YES_AGGRESSIVE;
				CLANG_CXX_LANGUAGE_STANDARD = "gnu++20";
				CLANG_ENABLE_MODULES = YES;
				CLANG_ENABLE_OBJC_ARC = YES;
				CLANG_ENABLE_OBJC_WEAK = YES;
				CLANG_WARN_BLOCK_CAPTURE_AUTORELEASING = YES;
				CLANG_WARN_BOOL_CONVERSION = YES;
				CLANG_WARN_COMMA = YES;
				CLANG_WARN_CONSTANT_CONVERSION = YES;
				CLANG_WARN_DEPRECATED_OBJC_IMPLEMENTATIONS = YES;
				CLANG_WARN_DIRECT_OBJC_ISA_USAGE = YES_ERROR;
				CLANG_WARN_DOCUMENTATION_COMMENTS = YES;
				CLANG_WARN_EMPTY_BODY = YES;
				CLANG_WARN_ENUM_CONVERSION = YES;
				CLANG_WARN_INFINITE_RECURSION = YES;
				CLANG_WARN_INT_CONVERSION = YES;
				CLANG_WARN_NON_LITERAL_NULL_CONVERSION = YES;
				CLANG_WARN_OBJC_IMPLICIT_RETAIN_SELF = YES;
				CLANG_WARN_OBJC_LITERAL_CONVERSION = YES;
				CLANG_WARN_OBJC_ROOT_CLASS = YES_ERROR;
				CLANG_WARN_QUOTED_INCLUDE_IN_FRAMEWORK_HEADER = YES;
				CLANG_WARN_RANGE_LOOP_ANALYSIS = YES;
				CLANG_WARN_STRICT_PROTOTYPES = YES;
				CLANG_WARN_SUSPICIOUS_MOVE = YES;
				CLANG_WARN_UNGUARDED_AVAILABILITY = YES_AGGRESSIVE;
				CLANG_WARN_UNREACHABLE_CODE = YES;
				CLANG_WARN__DUPLICATE_METHOD_MATCH = YES;
				COPY_PHASE_STRIP = NO;
				DEBUG_INFORMATION_FORMAT = dwarf;
				ENABLE_STRICT_OBJC_MSGSEND = YES;
				ENABLE_TESTABILITY = YES;
				GCC_C_LANGUAGE_STANDARD = gnu11;
				GCC_DYNAMIC_NO_PIC = NO;
				GCC_NO_COMMON_BLOCKS = YES;
				GCC_OPTIMIZATION_LEVEL = 0;
				GCC_PREPROCESSOR_DEFINITIONS = (
					"DEBUG=1",
					"$(inherited)",
				);
				GCC_WARN_64_TO_32_BIT_CONVERSION = YES;
				GCC_WARN_ABOUT_RETURN_TYPE = YES_ERROR;
				GCC_WARN_UNDECLARED_SELECTOR = YES;
				GCC_WARN_UNINITIALIZED_AUTOS = YES_AGGRESSIVE;
				GCC_WARN_UNUSED_FUNCTION = YES;
				GCC_WARN_UNUSED_VARIABLE = YES;
				IPHONEOS_DEPLOYMENT_TARGET = 16.2;
				MTL_ENABLE_DEBUG_INFO = INCLUDE_SOURCE;
				MTL_FAST_MATH = YES;
				ONLY_ACTIVE_ARCH = YES;
				SDKROOT = iphoneos;
				SWIFT_ACTIVE_COMPILATION_CONDITIONS = DEBUG;
				SWIFT_OPTIMIZATION_LEVEL = "-Onone";
			};
			name = Debug;
		};
		582E172E29CF1EB900B47BAA /* Release */ = {
			isa = XCBuildConfiguration;
			buildSettings = {
				ALWAYS_SEARCH_USER_PATHS = NO;
				CLANG_ANALYZER_NONNULL = YES;
				CLANG_ANALYZER_NUMBER_OBJECT_CONVERSION = YES_AGGRESSIVE;
				CLANG_CXX_LANGUAGE_STANDARD = "gnu++20";
				CLANG_ENABLE_MODULES = YES;
				CLANG_ENABLE_OBJC_ARC = YES;
				CLANG_ENABLE_OBJC_WEAK = YES;
				CLANG_WARN_BLOCK_CAPTURE_AUTORELEASING = YES;
				CLANG_WARN_BOOL_CONVERSION = YES;
				CLANG_WARN_COMMA = YES;
				CLANG_WARN_CONSTANT_CONVERSION = YES;
				CLANG_WARN_DEPRECATED_OBJC_IMPLEMENTATIONS = YES;
				CLANG_WARN_DIRECT_OBJC_ISA_USAGE = YES_ERROR;
				CLANG_WARN_DOCUMENTATION_COMMENTS = YES;
				CLANG_WARN_EMPTY_BODY = YES;
				CLANG_WARN_ENUM_CONVERSION = YES;
				CLANG_WARN_INFINITE_RECURSION = YES;
				CLANG_WARN_INT_CONVERSION = YES;
				CLANG_WARN_NON_LITERAL_NULL_CONVERSION = YES;
				CLANG_WARN_OBJC_IMPLICIT_RETAIN_SELF = YES;
				CLANG_WARN_OBJC_LITERAL_CONVERSION = YES;
				CLANG_WARN_OBJC_ROOT_CLASS = YES_ERROR;
				CLANG_WARN_QUOTED_INCLUDE_IN_FRAMEWORK_HEADER = YES;
				CLANG_WARN_RANGE_LOOP_ANALYSIS = YES;
				CLANG_WARN_STRICT_PROTOTYPES = YES;
				CLANG_WARN_SUSPICIOUS_MOVE = YES;
				CLANG_WARN_UNGUARDED_AVAILABILITY = YES_AGGRESSIVE;
				CLANG_WARN_UNREACHABLE_CODE = YES;
				CLANG_WARN__DUPLICATE_METHOD_MATCH = YES;
				COPY_PHASE_STRIP = NO;
				DEBUG_INFORMATION_FORMAT = "dwarf-with-dsym";
				ENABLE_NS_ASSERTIONS = NO;
				ENABLE_STRICT_OBJC_MSGSEND = YES;
				GCC_C_LANGUAGE_STANDARD = gnu11;
				GCC_NO_COMMON_BLOCKS = YES;
				GCC_WARN_64_TO_32_BIT_CONVERSION = YES;
				GCC_WARN_ABOUT_RETURN_TYPE = YES_ERROR;
				GCC_WARN_UNDECLARED_SELECTOR = YES;
				GCC_WARN_UNINITIALIZED_AUTOS = YES_AGGRESSIVE;
				GCC_WARN_UNUSED_FUNCTION = YES;
				GCC_WARN_UNUSED_VARIABLE = YES;
				IPHONEOS_DEPLOYMENT_TARGET = 16.2;
				MTL_ENABLE_DEBUG_INFO = NO;
				MTL_FAST_MATH = YES;
				SDKROOT = iphoneos;
				SWIFT_COMPILATION_MODE = wholemodule;
				SWIFT_OPTIMIZATION_LEVEL = "-O";
				VALIDATE_PRODUCT = YES;
			};
			name = Release;
		};
		582E173029CF1EB900B47BAA /* Debug */ = {
			isa = XCBuildConfiguration;
			buildSettings = {
				ASSETCATALOG_COMPILER_APPICON_NAME = AppIcon;
				ASSETCATALOG_COMPILER_GLOBAL_ACCENT_COLOR_NAME = AccentColor;
				CODE_SIGN_IDENTITY = "Apple Development";
				"CODE_SIGN_IDENTITY[sdk=iphoneos*]" = "iPhone Developer";
				CODE_SIGN_STYLE = Manual;
				CURRENT_PROJECT_VERSION = 1;
				DEVELOPMENT_ASSET_PATHS = "\"SpaceTalk/Preview Content\"";
				DEVELOPMENT_TEAM = "";
				"DEVELOPMENT_TEAM[sdk=iphoneos*]" = P95R3MRRWK;
				ENABLE_PREVIEWS = YES;
				GENERATE_INFOPLIST_FILE = YES;
				INFOPLIST_KEY_UIApplicationSceneManifest_Generation = YES;
				INFOPLIST_KEY_UIApplicationSupportsIndirectInputEvents = YES;
				INFOPLIST_KEY_UILaunchScreen_Generation = YES;
				INFOPLIST_KEY_UISupportedInterfaceOrientations_iPad = "UIInterfaceOrientationPortrait UIInterfaceOrientationPortraitUpsideDown UIInterfaceOrientationLandscapeLeft UIInterfaceOrientationLandscapeRight";
				INFOPLIST_KEY_UISupportedInterfaceOrientations_iPhone = "UIInterfaceOrientationPortrait UIInterfaceOrientationLandscapeLeft UIInterfaceOrientationLandscapeRight";
				IPHONEOS_DEPLOYMENT_TARGET = 16.4;
				LD_RUNPATH_SEARCH_PATHS = (
					"$(inherited)",
					"@executable_path/Frameworks",
				);
				MARKETING_VERSION = 1.0;
				PRODUCT_BUNDLE_IDENTIFIER = kr.Bin.SpaceTalk;
				PRODUCT_NAME = "$(TARGET_NAME)";
				PROVISIONING_PROFILE_SPECIFIER = "";
				"PROVISIONING_PROFILE_SPECIFIER[sdk=iphoneos*]" = SpaceTalk_iPhoneXR_TestSimulator;
				SUPPORTED_PLATFORMS = "iphoneos iphonesimulator";
				SUPPORTS_MACCATALYST = NO;
				SUPPORTS_MAC_DESIGNED_FOR_IPHONE_IPAD = NO;
				SWIFT_EMIT_LOC_STRINGS = YES;
				SWIFT_VERSION = 5.0;
				TARGETED_DEVICE_FAMILY = 1;
			};
			name = Debug;
		};
		582E173129CF1EB900B47BAA /* Release */ = {
			isa = XCBuildConfiguration;
			buildSettings = {
				ASSETCATALOG_COMPILER_APPICON_NAME = AppIcon;
				ASSETCATALOG_COMPILER_GLOBAL_ACCENT_COLOR_NAME = AccentColor;
				CODE_SIGN_IDENTITY = "Apple Development";
				"CODE_SIGN_IDENTITY[sdk=iphoneos*]" = "iPhone Developer";
				CODE_SIGN_STYLE = Manual;
				CURRENT_PROJECT_VERSION = 1;
				DEVELOPMENT_ASSET_PATHS = "\"SpaceTalk/Preview Content\"";
				DEVELOPMENT_TEAM = "";
				"DEVELOPMENT_TEAM[sdk=iphoneos*]" = P95R3MRRWK;
				ENABLE_PREVIEWS = YES;
				GENERATE_INFOPLIST_FILE = YES;
				INFOPLIST_KEY_UIApplicationSceneManifest_Generation = YES;
				INFOPLIST_KEY_UIApplicationSupportsIndirectInputEvents = YES;
				INFOPLIST_KEY_UILaunchScreen_Generation = YES;
				INFOPLIST_KEY_UISupportedInterfaceOrientations_iPad = "UIInterfaceOrientationPortrait UIInterfaceOrientationPortraitUpsideDown UIInterfaceOrientationLandscapeLeft UIInterfaceOrientationLandscapeRight";
				INFOPLIST_KEY_UISupportedInterfaceOrientations_iPhone = "UIInterfaceOrientationPortrait UIInterfaceOrientationLandscapeLeft UIInterfaceOrientationLandscapeRight";
				IPHONEOS_DEPLOYMENT_TARGET = 16.4;
				LD_RUNPATH_SEARCH_PATHS = (
					"$(inherited)",
					"@executable_path/Frameworks",
				);
				MARKETING_VERSION = 1.0;
				PRODUCT_BUNDLE_IDENTIFIER = kr.Bin.SpaceTalk;
				PRODUCT_NAME = "$(TARGET_NAME)";
				PROVISIONING_PROFILE_SPECIFIER = "";
				"PROVISIONING_PROFILE_SPECIFIER[sdk=iphoneos*]" = SpaceTalk_iPhoneXR_TestSimulator;
				SUPPORTED_PLATFORMS = "iphoneos iphonesimulator";
				SUPPORTS_MACCATALYST = NO;
				SUPPORTS_MAC_DESIGNED_FOR_IPHONE_IPAD = NO;
				SWIFT_EMIT_LOC_STRINGS = YES;
				SWIFT_VERSION = 5.0;
				TARGETED_DEVICE_FAMILY = 1;
			};
			name = Release;
		};
/* End XCBuildConfiguration section */

/* Begin XCConfigurationList section */
		582E171C29CF1EB800B47BAA /* Build configuration list for PBXProject "SpaceTalk" */ = {
			isa = XCConfigurationList;
			buildConfigurations = (
				582E172D29CF1EB900B47BAA /* Debug */,
				582E172E29CF1EB900B47BAA /* Release */,
			);
			defaultConfigurationIsVisible = 0;
			defaultConfigurationName = Release;
		};
		582E172F29CF1EB900B47BAA /* Build configuration list for PBXNativeTarget "SpaceTalk" */ = {
			isa = XCConfigurationList;
			buildConfigurations = (
				582E173029CF1EB900B47BAA /* Debug */,
				582E173129CF1EB900B47BAA /* Release */,
			);
			defaultConfigurationIsVisible = 0;
			defaultConfigurationName = Release;
		};
/* End XCConfigurationList section */

/* Begin XCRemoteSwiftPackageReference section */
		586CB9E629D5C8850034A210 /* XCRemoteSwiftPackageReference "firebase-ios-sdk" */ = {
			isa = XCRemoteSwiftPackageReference;
			repositoryURL = "https://github.com/firebase/firebase-ios-sdk";
			requirement = {
				kind = upToNextMajorVersion;
				minimumVersion = 9.0.0;
			};
		};
/* End XCRemoteSwiftPackageReference section */

/* Begin XCSwiftPackageProductDependency section */
		586CB9E729D5C8850034A210 /* FirebaseAnalytics */ = {
			isa = XCSwiftPackageProductDependency;
			package = 586CB9E629D5C8850034A210 /* XCRemoteSwiftPackageReference "firebase-ios-sdk" */;
			productName = FirebaseAnalytics;
		};
		586CB9E929D5C8850034A210 /* FirebaseAnalyticsOnDeviceConversion */ = {
			isa = XCSwiftPackageProductDependency;
			package = 586CB9E629D5C8850034A210 /* XCRemoteSwiftPackageReference "firebase-ios-sdk" */;
			productName = FirebaseAnalyticsOnDeviceConversion;
		};
		586CB9EB29D5C8850034A210 /* FirebaseAnalyticsSwift */ = {
			isa = XCSwiftPackageProductDependency;
			package = 586CB9E629D5C8850034A210 /* XCRemoteSwiftPackageReference "firebase-ios-sdk" */;
			productName = FirebaseAnalyticsSwift;
		};
		586CB9ED29D5C8850034A210 /* FirebaseAnalyticsWithoutAdIdSupport */ = {
			isa = XCSwiftPackageProductDependency;
			package = 586CB9E629D5C8850034A210 /* XCRemoteSwiftPackageReference "firebase-ios-sdk" */;
			productName = FirebaseAnalyticsWithoutAdIdSupport;
		};
		586CB9EF29D5C8850034A210 /* FirebaseAppCheck */ = {
			isa = XCSwiftPackageProductDependency;
			package = 586CB9E629D5C8850034A210 /* XCRemoteSwiftPackageReference "firebase-ios-sdk" */;
			productName = FirebaseAppCheck;
		};
		586CB9F129D5C8850034A210 /* FirebaseAppDistribution-Beta */ = {
			isa = XCSwiftPackageProductDependency;
			package = 586CB9E629D5C8850034A210 /* XCRemoteSwiftPackageReference "firebase-ios-sdk" */;
			productName = "FirebaseAppDistribution-Beta";
		};
		586CB9F329D5C8850034A210 /* FirebaseAuth */ = {
			isa = XCSwiftPackageProductDependency;
			package = 586CB9E629D5C8850034A210 /* XCRemoteSwiftPackageReference "firebase-ios-sdk" */;
			productName = FirebaseAuth;
		};
		586CB9F529D5C8850034A210 /* FirebaseAuthCombine-Community */ = {
			isa = XCSwiftPackageProductDependency;
			package = 586CB9E629D5C8850034A210 /* XCRemoteSwiftPackageReference "firebase-ios-sdk" */;
			productName = "FirebaseAuthCombine-Community";
		};
		586CB9F729D5C8850034A210 /* FirebaseCrashlytics */ = {
			isa = XCSwiftPackageProductDependency;
			package = 586CB9E629D5C8850034A210 /* XCRemoteSwiftPackageReference "firebase-ios-sdk" */;
			productName = FirebaseCrashlytics;
		};
		586CB9F929D5C8850034A210 /* FirebaseDatabase */ = {
			isa = XCSwiftPackageProductDependency;
			package = 586CB9E629D5C8850034A210 /* XCRemoteSwiftPackageReference "firebase-ios-sdk" */;
			productName = FirebaseDatabase;
		};
		586CB9FB29D5C8850034A210 /* FirebaseDatabaseSwift */ = {
			isa = XCSwiftPackageProductDependency;
			package = 586CB9E629D5C8850034A210 /* XCRemoteSwiftPackageReference "firebase-ios-sdk" */;
			productName = FirebaseDatabaseSwift;
		};
		586CB9FD29D5C8850034A210 /* FirebaseDynamicLinks */ = {
			isa = XCSwiftPackageProductDependency;
			package = 586CB9E629D5C8850034A210 /* XCRemoteSwiftPackageReference "firebase-ios-sdk" */;
			productName = FirebaseDynamicLinks;
		};
		586CB9FF29D5C8850034A210 /* FirebaseFirestore */ = {
			isa = XCSwiftPackageProductDependency;
			package = 586CB9E629D5C8850034A210 /* XCRemoteSwiftPackageReference "firebase-ios-sdk" */;
			productName = FirebaseFirestore;
		};
		586CBA0129D5C8850034A210 /* FirebaseFirestoreCombine-Community */ = {
			isa = XCSwiftPackageProductDependency;
			package = 586CB9E629D5C8850034A210 /* XCRemoteSwiftPackageReference "firebase-ios-sdk" */;
			productName = "FirebaseFirestoreCombine-Community";
		};
		586CBA0329D5C8850034A210 /* FirebaseFirestoreSwift */ = {
			isa = XCSwiftPackageProductDependency;
			package = 586CB9E629D5C8850034A210 /* XCRemoteSwiftPackageReference "firebase-ios-sdk" */;
			productName = FirebaseFirestoreSwift;
		};
		586CBA0529D5C8850034A210 /* FirebaseFunctions */ = {
			isa = XCSwiftPackageProductDependency;
			package = 586CB9E629D5C8850034A210 /* XCRemoteSwiftPackageReference "firebase-ios-sdk" */;
			productName = FirebaseFunctions;
		};
		586CBA0729D5C8850034A210 /* FirebaseFunctionsCombine-Community */ = {
			isa = XCSwiftPackageProductDependency;
			package = 586CB9E629D5C8850034A210 /* XCRemoteSwiftPackageReference "firebase-ios-sdk" */;
			productName = "FirebaseFunctionsCombine-Community";
		};
		586CBA0929D5C8850034A210 /* FirebaseInAppMessaging-Beta */ = {
			isa = XCSwiftPackageProductDependency;
			package = 586CB9E629D5C8850034A210 /* XCRemoteSwiftPackageReference "firebase-ios-sdk" */;
			productName = "FirebaseInAppMessaging-Beta";
		};
		586CBA0B29D5C8850034A210 /* FirebaseInAppMessagingSwift-Beta */ = {
			isa = XCSwiftPackageProductDependency;
			package = 586CB9E629D5C8850034A210 /* XCRemoteSwiftPackageReference "firebase-ios-sdk" */;
			productName = "FirebaseInAppMessagingSwift-Beta";
		};
		586CBA0D29D5C8850034A210 /* FirebaseInstallations */ = {
			isa = XCSwiftPackageProductDependency;
			package = 586CB9E629D5C8850034A210 /* XCRemoteSwiftPackageReference "firebase-ios-sdk" */;
			productName = FirebaseInstallations;
		};
		586CBA0F29D5C8850034A210 /* FirebaseMLModelDownloader */ = {
			isa = XCSwiftPackageProductDependency;
			package = 586CB9E629D5C8850034A210 /* XCRemoteSwiftPackageReference "firebase-ios-sdk" */;
			productName = FirebaseMLModelDownloader;
		};
		586CBA1129D5C8850034A210 /* FirebaseMessaging */ = {
			isa = XCSwiftPackageProductDependency;
			package = 586CB9E629D5C8850034A210 /* XCRemoteSwiftPackageReference "firebase-ios-sdk" */;
			productName = FirebaseMessaging;
		};
		586CBA1329D5C8850034A210 /* FirebasePerformance */ = {
			isa = XCSwiftPackageProductDependency;
			package = 586CB9E629D5C8850034A210 /* XCRemoteSwiftPackageReference "firebase-ios-sdk" */;
			productName = FirebasePerformance;
		};
		586CBA1529D5C8850034A210 /* FirebaseRemoteConfig */ = {
			isa = XCSwiftPackageProductDependency;
			package = 586CB9E629D5C8850034A210 /* XCRemoteSwiftPackageReference "firebase-ios-sdk" */;
			productName = FirebaseRemoteConfig;
		};
		586CBA1729D5C8850034A210 /* FirebaseRemoteConfigSwift */ = {
			isa = XCSwiftPackageProductDependency;
			package = 586CB9E629D5C8850034A210 /* XCRemoteSwiftPackageReference "firebase-ios-sdk" */;
			productName = FirebaseRemoteConfigSwift;
		};
		586CBA1929D5C8850034A210 /* FirebaseStorage */ = {
			isa = XCSwiftPackageProductDependency;
			package = 586CB9E629D5C8850034A210 /* XCRemoteSwiftPackageReference "firebase-ios-sdk" */;
			productName = FirebaseStorage;
		};
		586CBA1B29D5C8850034A210 /* FirebaseStorageCombine-Community */ = {
			isa = XCSwiftPackageProductDependency;
			package = 586CB9E629D5C8850034A210 /* XCRemoteSwiftPackageReference "firebase-ios-sdk" */;
			productName = "FirebaseStorageCombine-Community";
		};
/* End XCSwiftPackageProductDependency section */
	};
	rootObject = 582E171929CF1EB800B47BAA /* Project object */;
}
